
Microsoft Visual Studio Solution File, Format Version 12.00
# Visual Studio 15
VisualStudioVersion = 15.0.28307.705
MinimumVisualStudioVersion = 10.0.40219.1
Project("{FAE04EC0-301F-11D3-BF4B-00C04F79EFBC}") = "IsometricMonoGame", "IsometricMonoGame\IsometricMonoGame.csproj", "{08DC8BF5-5D6C-4AAF-87ED-BA68FEE9D524}"
EndProject
Project("{FAE04EC0-301F-11D3-BF4B-00C04F79EFBC}") = "IsometricMonoGame.core", "IsometricMonoGame.core\IsometricMonoGame.core.csproj", "{0323E3FF-258B-4F52-AC09-E10D027C37B5}"
EndProject
Global
	GlobalSection(SolutionConfigurationPlatforms) = preSolution
		Debug|Any CPU = Debug|Any CPU
		Release|Any CPU = Release|Any CPU
	EndGlobalSection
	GlobalSection(ProjectConfigurationPlatforms) = postSolution
		{08DC8BF5-5D6C-4AAF-87ED-BA68FEE9D524}.Debug|Any CPU.ActiveCfg = Debug|Any CPU
		{08DC8BF5-5D6C-4AAF-87ED-BA68FEE9D524}.Debug|Any CPU.Build.0 = Debug|Any CPU
		{08DC8BF5-5D6C-4AAF-87ED-BA68FEE9D524}.Release|Any CPU.ActiveCfg = Release|Any CPU
		{08DC8BF5-5D6C-4AAF-87ED-BA68FEE9D524}.Release|Any CPU.Build.0 = Release|Any CPU
		{0323E3FF-258B-4F52-AC09-E10D027C37B5}.Debug|Any CPU.ActiveCfg = Debug|Any CPU
		{0323E3FF-258B-4F52-AC09-E10D027C37B5}.Debug|Any CPU.Build.0 = Debug|Any CPU
		{0323E3FF-258B-4F52-AC09-E10D027C37B5}.Release|Any CPU.ActiveCfg = Release|Any CPU
		{0323E3FF-258B-4F52-AC09-E10D027C37B5}.Release|Any CPU.Build.0 = Release|Any CPU
	EndGlobalSection
	GlobalSection(SolutionProperties) = preSolution
		HideSolutionNode = FALSE
	EndGlobalSection
	GlobalSection(ExtensibilityGlobals) = postSolution
		SolutionGuid = {269C35DE-7DBD-4C57-A3BD-AAC456AC9DBC}
	EndGlobalSection
EndGlobal
